// !$*UTF8*$!
{
	archiveVersion = 1;
	classes = {
	};
	objectVersion = 77;
	objects = {

/* Begin PBXBuildFile section */
		53EB60BFDA7F9BF7ABE59D04 /* coach.js in Resources */ = {isa = PBXBuildFile; fileRef = 4DC42F1D60CF4BB4B1F9E608 /* coach.js */; };
		597FE6865347BA7C198C6DD0 /* head.js in Resources */ = {isa = PBXBuildFile; fileRef = ED0B3F12F0D345A36EAC90E7 /* head.js */; };
		63D5BF7F8C9DBD9D33F0B311 /* index.html in Resources */ = {isa = PBXBuildFile; fileRef = 3EBBACC835AC5EF9680C4DC6 /* index.html */; };
		84529FED8AB1633AFDFAECF5 /* voice.js in Resources */ = {isa = PBXBuildFile; fileRef = 47722571264E9945CB548137 /* voice.js */; };
		A4330E3259C140AB1E852449 /* FormCoach.swift in Sources */ = {isa = PBXBuildFile; fileRef = D197732FB25DA22C85CAE7A9 /* FormCoach.swift */; };
/* End PBXBuildFile section */

/* Begin PBXFileReference section */
		3EBBACC835AC5EF9680C4DC6 /* index.html */ = {isa = PBXFileReference; lastKnownFileType = text.html; path = index.html; sourceTree = "<group>"; };
		47722571264E9945CB548137 /* voice.js */ = {isa = PBXFileReference; lastKnownFileType = sourcecode.javascript; path = voice.js; sourceTree = "<group>"; };
		4DC42F1D60CF4BB4B1F9E608 /* coach.js */ = {isa = PBXFileReference; lastKnownFileType = sourcecode.javascript; path = coach.js; sourceTree = "<group>"; };
		9B20E3092184411731E2AA7B /* FormCoach.app */ = {isa = PBXFileReference; includeInIndex = 0; lastKnownFileType = wrapper.application; path = FormCoach.app; sourceTree = BUILT_PRODUCTS_DIR; };
		B248B2786CD5AFDB35A667F5 /* Info.plist */ = {isa = PBXFileReference; lastKnownFileType = text.plist; path = Info.plist; sourceTree = "<group>"; };
		D197732FB25DA22C85CAE7A9 /* FormCoach.swift */ = {isa = PBXFileReference; lastKnownFileType = sourcecode.swift; path = FormCoach.swift; sourceTree = "<group>"; };
		ED0B3F12F0D345A36EAC90E7 /* head.js */ = {isa = PBXFileReference; lastKnownFileType = sourcecode.javascript; path = head.js; sourceTree = "<group>"; };
/* End PBXFileReference section */

/* Begin PBXGroup section */
		57EEE8604A7DCF7C0BA65DA7 = {
			isa = PBXGroup;
			children = (
				77CEFFF3B454E4B87AFF8D5E /* FormCoach */,
				6436B73FFD640575E514BB8A /* run */,
				8E1FE1762CAD0FAA29597D36 /* Products */,
			);
			sourceTree = "<group>";
		};
		6436B73FFD640575E514BB8A /* run */ = {
			isa = PBXGroup;
			children = (
				4DC42F1D60CF4BB4B1F9E608 /* coach.js */,
				ED0B3F12F0D345A36EAC90E7 /* head.js */,
				3EBBACC835AC5EF9680C4DC6 /* index.html */,
				47722571264E9945CB548137 /* voice.js */,
			);
			name = run;
			path = ..;
			sourceTree = "<group>";
		};
		77CEFFF3B454E4B87AFF8D5E /* FormCoach */ = {
			isa = PBXGroup;
			children = (
				D197732FB25DA22C85CAE7A9 /* FormCoach.swift */,
				B248B2786CD5AFDB35A667F5 /* Info.plist */,
			);
			path = FormCoach;
			sourceTree = "<group>";
		};
		8E1FE1762CAD0FAA29597D36 /* Products */ = {
			isa = PBXGroup;
			children = (
				9B20E3092184411731E2AA7B /* FormCoach.app */,
			);
			name = Products;
			sourceTree = "<group>";
		};
/* End PBXGroup section */

/* Begin PBXNativeTarget section */
		7ED3A49BE82B52AA079AF424 /* FormCoach */ = {
			isa = PBXNativeTarget;
			buildConfigurationList = 2915047BEA5FABEC10D5A77E /* Build configuration list for PBXNativeTarget "FormCoach" */;
			buildPhases = (
				2C401ADF5F512C4C34602AA7 /* Sources */,
				1DE3CD66379CDE6694A5013B /* Resources */,
			);
			buildRules = (
			);
			dependencies = (
			);
			name = FormCoach;
			packageProductDependencies = (
			);
			productName = FormCoach;
			productReference = 9B20E3092184411731E2AA7B /* FormCoach.app */;
			productType = "com.apple.product-type.application";
		};
/* End PBXNativeTarget section */

/* Begin PBXProject section */
		040B7D6603090F291E908DEF /* Project object */ = {
			isa = PBXProject;
			attributes = {
				BuildIndependentTargetsInParallel = YES;
				LastUpgradeCheck = 1430;
				TargetAttributes = {
					7ED3A49BE82B52AA079AF424 = {
						ProvisioningStyle = Automatic;
					};
				};
			};
			buildConfigurationList = B5BD037348CD67BC2F582BE6 /* Build configuration list for PBXProject "FormCoach" */;
			developmentRegion = en;
			hasScannedForEncodings = 0;
			knownRegions = (
				Base,
				en,
			);
			mainGroup = 57EEE8604A7DCF7C0BA65DA7;
			minimizedProjectReferenceProxies = 1;
			preferredProjectObjectVersion = 77;
			productRefGroup = 8E1FE1762CAD0FAA29597D36 /* Products */;
			projectDirPath = "";
			projectRoot = "";
			targets = (
				7ED3A49BE82B52AA079AF424 /* FormCoach */,
			);
		};
/* End PBXProject section */

/* Begin PBXResourcesBuildPhase section */
		1DE3CD66379CDE6694A5013B /* Resources */ = {
			isa = PBXResourcesBuildPhase;
			buildActionMask = 2147483647;
			files = (
				53EB60BFDA7F9BF7ABE59D04 /* coach.js in Resources */,
				597FE6865347BA7C198C6DD0 /* head.js in Resources */,
				63D5BF7F8C9DBD9D33F0B311 /* index.html in Resources */,
				84529FED8AB1633AFDFAECF5 /* voice.js in Resources */,
			);
			runOnlyForDeploymentPostprocessing = 0;
		};
/* End PBXResourcesBuildPhase section */

/* Begin PBXSourcesBuildPhase section */
		2C401ADF5F512C4C34602AA7 /* Sources */ = {
			isa = PBXSourcesBuildPhase;
			buildActionMask = 2147483647;
			files = (
				A4330E3259C140AB1E852449 /* FormCoach.swift in Sources */,
			);
			runOnlyForDeploymentPostprocessing = 0;
		};
/* End PBXSourcesBuildPhase section */

/* Begin XCBuildConfiguration section */
		4149B5FDD9A2DFE887901717 /* Debug */ = {
			isa = XCBuildConfiguration;
			buildSettings = {
				ASSETCATALOG_COMPILER_APPICON_NAME = AppIcon;
				CODE_SIGN_IDENTITY = "iPhone Developer";
				CODE_SIGN_STYLE = Automatic;
				GENERATE_INFOPLIST_FILE = NO;
				INFOPLIST_FILE = FormCoach/Info.plist;
				LD_RUNPATH_SEARCH_PATHS = (
					"$(inherited)",
					"@executable_path/Frameworks",
				);
				PRODUCT_BUNDLE_IDENTIFIER = app.formcoach.FormCoach;
				SDKROOT = iphoneos;
				SWIFT_VERSION = 5.0;
				TARGETED_DEVICE_FAMILY = 1;
			};
			name = Debug;
		};
		5C43473D13D353C292142D99 /* Release */ = {
			isa = XCBuildConfiguration;
			buildSettings = {
				ALWAYS_SEARCH_USER_PATHS = NO;
				CLANG_ANALYZER_NONNULL = YES;
				CLANG_ANALYZER_NUMBER_OBJECT_CONVERSION = YES_AGGRESSIVE;
				CLANG_CXX_LANGUAGE_STANDARD = "gnu++14";
				CLANG_CXX_LIBRARY = "libc++";
				CLANG_ENABLE_MODULES = YES;
				CLANG_ENABLE_OBJC_ARC = YES;
				CLANG_ENABLE_OBJC_WEAK = YES;
				CLANG_WARN_BLOCK_CAPTURE_AUTORELEASING = YES;
				CLANG_WARN_BOOL_CONVERSION = YES;
				CLANG_WARN_COMMA = YES;
				CLANG_WARN_CONSTANT_CONVERSION = YES;
				CLANG_WARN_DEPRECATED_OBJC_IMPLEMENTATIONS = YES;
				CLANG_WARN_DIRECT_OBJC_ISA_USAGE = YES_ERROR;
				CLANG_WARN_DOCUMENTATION_COMMENTS = YES;
				CLANG_WARN_EMPTY_BODY = YES;
				CLANG_WARN_ENUM_CONVERSION = YES;
				CLANG_WARN_INFINITE_RECURSION = YES;
				CLANG_WARN_INT_CONVERSION = YES;
				CLANG_WARN_NON_LITERAL_NULL_CONVERSION = YES;
				CLANG_WARN_OBJC_IMPLICIT_RETAIN_SELF = YES;
				CLANG_WARN_OBJC_LITERAL_CONVERSION = YES;
				CLANG_WARN_OBJC_ROOT_CLASS = YES_ERROR;
				CLANG_WARN_QUOTED_INCLUDE_IN_FRAMEWORK_HEADER = YES;
				CLANG_WARN_RANGE_LOOP_ANALYSIS = YES;
				CLANG_WARN_STRICT_PROTOTYPES = YES;
				CLANG_WARN_SUSPICIOUS_MOVE = YES;
				CLANG_WARN_UNGUARDED_AVAILABILITY = YES_AGGRESSIVE;
				CLANG_WARN_UNREACHABLE_CODE = YES;
				CLANG_WARN__DUPLICATE_METHOD_MATCH = YES;
				COPY_PHASE_STRIP = NO;
				DEBUG_INFORMATION_FORMAT = "dwarf-with-dsym";
				ENABLE_NS_ASSERTIONS = NO;
				ENABLE_STRICT_OBJC_MSGSEND = YES;
				GCC_C_LANGUAGE_STANDARD = gnu11;
				GCC_NO_COMMON_BLOCKS = YES;
				GCC_WARN_64_TO_32_BIT_CONVERSION = YES;
				GCC_WARN_ABOUT_RETURN_TYPE = YES_ERROR;
				GCC_WARN_UNDECLARED_SELECTOR = YES;
				GCC_WARN_UNINITIALIZED_AUTOS = YES_AGGRESSIVE;
				GCC_WARN_UNUSED_FUNCTION = YES;
				GCC_WARN_UNUSED_VARIABLE = YES;
				IPHONEOS_DEPLOYMENT_TARGET = 17.0;
				MTL_ENABLE_DEBUG_INFO = NO;
				MTL_FAST_MATH = YES;
				PRODUCT_NAME = "$(TARGET_NAME)";
				SDKROOT = iphoneos;
				SWIFT_COMPILATION_MODE = wholemodule;
				SWIFT_OPTIMIZATION_LEVEL = "-O";
				SWIFT_VERSION = 5.0;
			};
			name = Release;
		};
		A36B56D3B8A4CABEDBB5B794 /* Release */ = {
			isa = XCBuildConfiguration;
			buildSettings = {
				ASSETCATALOG_COMPILER_APPICON_NAME = AppIcon;
				CODE_SIGN_IDENTITY = "iPhone Developer";
				CODE_SIGN_STYLE = Automatic;
				GENERATE_INFOPLIST_FILE = NO;
				INFOPLIST_FILE = FormCoach/Info.plist;
				LD_RUNPATH_SEARCH_PATHS = (
					"$(inherited)",
					"@executable_path/Frameworks",
				);
				PRODUCT_BUNDLE_IDENTIFIER = app.formcoach.FormCoach;
				SDKROOT = iphoneos;
				SWIFT_VERSION = 5.0;
				TARGETED_DEVICE_FAMILY = 1;
			};
			name = Release;
		};
		F94C2CF8B02128E799D648DE /* Debug */ = {
			isa = XCBuildConfiguration;
			buildSettings = {
				ALWAYS_SEARCH_USER_PATHS = NO;
				CLANG_ANALYZER_NONNULL = YES;
				CLANG_ANALYZER_NUMBER_OBJECT_CONVERSION = YES_AGGRESSIVE;
				CLANG_CXX_LANGUAGE_STANDARD = "gnu++14";
				CLANG_CXX_LIBRARY = "libc++";
				CLANG_ENABLE_MODULES = YES;
				CLANG_ENABLE_OBJC_ARC = YES;
				CLANG_ENABLE_OBJC_WEAK = YES;
				CLANG_WARN_BLOCK_CAPTURE_AUTORELEASING = YES;
				CLANG_WARN_BOOL_CONVERSION = YES;
				CLANG_WARN_COMMA = YES;
				CLANG_WARN_CONSTANT_CONVERSION = YES;
				CLANG_WARN_DEPRECATED_OBJC_IMPLEMENTATIONS = YES;
				CLANG_WARN_DIRECT_OBJC_ISA_USAGE = YES_ERROR;
				CLANG_WARN_DOCUMENTATION_COMMENTS = YES;
				CLANG_WARN_EMPTY_BODY = YES;
				CLANG_WARN_ENUM_CONVERSION = YES;
				CLANG_WARN_INFINITE_RECURSION = YES;
				CLANG_WARN_INT_CONVERSION = YES;
				CLANG_WARN_NON_LITERAL_NULL_CONVERSION = YES;
				CLANG_WARN_OBJC_IMPLICIT_RETAIN_SELF = YES;
				CLANG_WARN_OBJC_LITERAL_CONVERSION = YES;
				CLANG_WARN_OBJC_ROOT_CLASS = YES_ERROR;
				CLANG_WARN_QUOTED_INCLUDE_IN_FRAMEWORK_HEADER = YES;
				CLANG_WARN_RANGE_LOOP_ANALYSIS = YES;
				CLANG_WARN_STRICT_PROTOTYPES = YES;
				CLANG_WARN_SUSPICIOUS_MOVE = YES;
				CLANG_WARN_UNGUARDED_AVAILABILITY = YES_AGGRESSIVE;
				CLANG_WARN_UNREACHABLE_CODE = YES;
				CLANG_WARN__DUPLICATE_METHOD_MATCH = YES;
				COPY_PHASE_STRIP = NO;
				DEBUG_INFORMATION_FORMAT = dwarf;
				ENABLE_STRICT_OBJC_MSGSEND = YES;
				ENABLE_TESTABILITY = YES;
				GCC_C_LANGUAGE_STANDARD = gnu11;
				GCC_DYNAMIC_NO_PIC = NO;
				GCC_NO_COMMON_BLOCKS = YES;
				GCC_OPTIMIZATION_LEVEL = 0;
				GCC_PREPROCESSOR_DEFINITIONS = (
					"$(inherited)",
					"DEBUG=1",
				);
				GCC_WARN_64_TO_32_BIT_CONVERSION = YES;
				GCC_WARN_ABOUT_RETURN_TYPE = YES_ERROR;
				GCC_WARN_UNDECLARED_SELECTOR = YES;
				GCC_WARN_UNINITIALIZED_AUTOS = YES_AGGRESSIVE;
				GCC_WARN_UNUSED_FUNCTION = YES;
				GCC_WARN_UNUSED_VARIABLE = YES;
				IPHONEOS_DEPLOYMENT_TARGET = 17.0;
				MTL_ENABLE_DEBUG_INFO = INCLUDE_SOURCE;
				MTL_FAST_MATH = YES;
				ONLY_ACTIVE_ARCH = YES;
				PRODUCT_NAME = "$(TARGET_NAME)";
				SDKROOT = iphoneos;
				SWIFT_ACTIVE_COMPILATION_CONDITIONS = DEBUG;
				SWIFT_OPTIMIZATION_LEVEL = "-Onone";
				SWIFT_VERSION = 5.0;
			};
			name = Debug;
		};
/* End XCBuildConfiguration section */

/* Begin XCConfigurationList section */
		2915047BEA5FABEC10D5A77E /* Build configuration list for PBXNativeTarget "FormCoach" */ = {
			isa = XCConfigurationList;
			buildConfigurations = (
				4149B5FDD9A2DFE887901717 /* Debug */,
				A36B56D3B8A4CABEDBB5B794 /* Release */,
			);
			defaultConfigurationIsVisible = 0;
			defaultConfigurationName = Debug;
		};
		B5BD037348CD67BC2F582BE6 /* Build configuration list for PBXProject "FormCoach" */ = {
			isa = XCConfigurationList;
			buildConfigurations = (
				F94C2CF8B02128E799D648DE /* Debug */,
				5C43473D13D353C292142D99 /* Release */,
			);
			defaultConfigurationIsVisible = 0;
			defaultConfigurationName = Debug;
		};
/* End XCConfigurationList section */
	};
	rootObject = 040B7D6603090F291E908DEF /* Project object */;
}
